
Microsoft Visual Studio Solution File, Format Version 12.00
# Visual Studio Version 17
VisualStudioVersion = 17.3.32929.385
MinimumVisualStudioVersion = 10.0.40219.1
Project("{9A19103F-16F7-4668-BE54-9A1E7A4F7556}") = "CueSheetNet", "CueSheetNet\CueSheetNet.csproj", "{5FF1C596-40AC-4F43-B9E5-467211CCB1B2}"
EndProject
Project("{9A19103F-16F7-4668-BE54-9A1E7A4F7556}") = "CueSheetNet.Test", "CueSheetNet.Test\CueSheetNet.Test.csproj", "{12BF08D2-1D2F-4785-9949-073BDDD45665}"
EndProject
Project("{FAE04EC0-301F-11D3-BF4B-00C04F79EFBC}") = "CueSheetNet.Benchmark", "CueSheetNet.Benchmark\CueSheetNet.Benchmark.csproj", "{01FA9897-CE1D-4A1A-BC03-DCC278821634}"
EndProject
Global
	GlobalSection(SolutionConfigurationPlatforms) = preSolution
		Debug|Any CPU = Debug|Any CPU
		Release|Any CPU = Release|Any CPU
	EndGlobalSection
	GlobalSection(ProjectConfigurationPlatforms) = postSolution
		{5FF1C596-40AC-4F43-B9E5-467211CCB1B2}.Debug|Any CPU.ActiveCfg = Debug|Any CPU
		{5FF1C596-40AC-4F43-B9E5-467211CCB1B2}.Debug|Any CPU.Build.0 = Debug|Any CPU
		{5FF1C596-40AC-4F43-B9E5-467211CCB1B2}.Release|Any CPU.ActiveCfg = Release|Any CPU
		{5FF1C596-40AC-4F43-B9E5-467211CCB1B2}.Release|Any CPU.Build.0 = Release|Any CPU
		{12BF08D2-1D2F-4785-9949-073BDDD45665}.Debug|Any CPU.ActiveCfg = Debug|Any CPU
		{12BF08D2-1D2F-4785-9949-073BDDD45665}.Debug|Any CPU.Build.0 = Debug|Any CPU
		{12BF08D2-1D2F-4785-9949-073BDDD45665}.Release|Any CPU.ActiveCfg = Release|Any CPU
		{12BF08D2-1D2F-4785-9949-073BDDD45665}.Release|Any CPU.Build.0 = Release|Any CPU
		{01FA9897-CE1D-4A1A-BC03-DCC278821634}.Debug|Any CPU.ActiveCfg = Debug|Any CPU
		{01FA9897-CE1D-4A1A-BC03-DCC278821634}.Debug|Any CPU.Build.0 = Debug|Any CPU
		{01FA9897-CE1D-4A1A-BC03-DCC278821634}.Release|Any CPU.ActiveCfg = Release|Any CPU
		{01FA9897-CE1D-4A1A-BC03-DCC278821634}.Release|Any CPU.Build.0 = Release|Any CPU
	EndGlobalSection
	GlobalSection(SolutionProperties) = preSolution
		HideSolutionNode = FALSE
	EndGlobalSection
	GlobalSection(ExtensibilityGlobals) = postSolution
		SolutionGuid = {A34B29E8-F128-4E2C-8FDB-5F3099986477}
	EndGlobalSection
EndGlobal
